[[package]]
name = "anyconfig"
version = "0.10.1"
description = "Library provides common APIs to load and dump configuration files in various formats"
category = "main"
optional = false
python-versions = "*"

[package.extras]
devel = ["coveralls", "flake8 (<3.5.0)", "mock", "nose", "pylint", "pycodestyle (<2.4.0)"]
query = ["jmespath"]
schema = ["jsonschema"]
template = ["jinja2"]
toml = ["toml"]
yaml = ["pyyaml"]

[[package]]
name = "arrow"
version = "1.2.2"
description = "Better dates & times for Python"
category = "main"
optional = false
python-versions = ">=3.6"

[package.dependencies]
python-dateutil = ">=2.7.0"

[[package]]
name = "attrs"
version = "21.4.0"
description = "Classes Without Boilerplate"
category = "main"
optional = false
python-versions = ">=2.7, !=3.0.*, !=3.1.*, !=3.2.*, !=3.3.*, !=3.4.*"

[package.extras]
dev = ["coverage[toml] (>=5.0.2)", "hypothesis", "pympler", "pytest (>=4.3.0)", "six", "mypy", "pytest-mypy-plugins", "zope.interface", "furo", "sphinx", "sphinx-notfound-page", "pre-commit", "cloudpickle"]
docs = ["furo", "sphinx", "zope.interface", "sphinx-notfound-page"]
tests = ["coverage[toml] (>=5.0.2)", "hypothesis", "pympler", "pytest (>=4.3.0)", "six", "mypy", "pytest-mypy-plugins", "zope.interface", "cloudpickle"]
tests_no_zope = ["coverage[toml] (>=5.0.2)", "hypothesis", "pympler", "pytest (>=4.3.0)", "six", "mypy", "pytest-mypy-plugins", "cloudpickle"]

[[package]]
name = "binaryornot"
version = "0.4.4"
description = "Ultra-lightweight pure Python package to check if a file is binary or text."
category = "main"
optional = false
python-versions = "*"

[package.dependencies]
chardet = ">=3.0.2"

[[package]]
name = "build"
version = "0.8.0"
description = "A simple, correct PEP 517 build frontend"
category = "main"
optional = false
python-versions = ">=3.6"

[package.dependencies]
colorama = {version = "*", markers = "os_name == \"nt\""}
packaging = ">=19.0"
pep517 = ">=0.9.1"
tomli = {version = ">=1.0.0", markers = "python_version < \"3.11\""}

[package.extras]
virtualenv = ["virtualenv (>=20.0.35)"]
typing = ["typing-extensions (>=3.7.4.3)", "mypy (==0.950)", "importlib-metadata (>=4.6.4)"]
test = ["setuptools (>=56.0.0)", "setuptools (>=42.0.0)", "wheel (>=0.36.0)", "toml (>=0.10.0)", "pytest-xdist (>=1.34)", "pytest-rerunfailures (>=9.1)", "pytest-mock (>=2)", "pytest-cov (>=2.12)", "pytest (>=6.2.4)", "filelock (>=3)"]
docs = ["sphinx-autodoc-typehints (>=1.10)", "sphinx-argparse-cli (>=1.5)", "sphinx (>=4.0,<5.0)", "furo (>=2021.08.31)"]

[[package]]
name = "cachetools"
version = "4.2.4"
description = "Extensible memoizing collections and decorators"
category = "main"
optional = false
python-versions = "~=3.5"

[[package]]
name = "certifi"
version = "2022.6.15"
description = "Python package for providing Mozilla's CA Bundle."
category = "main"
optional = false
python-versions = ">=3.6"

[[package]]
name = "chardet"
version = "5.0.0"
description = "Universal encoding detector for Python 3"
category = "main"
optional = false
python-versions = ">=3.6"

[[package]]
name = "charset-normalizer"
version = "2.1.0"
description = "The Real First Universal Charset Detector. Open, modern and actively maintained alternative to Chardet."
category = "main"
optional = false
python-versions = ">=3.6.0"

[package.extras]
unicode_backport = ["unicodedata2"]

[[package]]
name = "click"
version = "8.1.3"
description = "Composable command line interface toolkit"
category = "main"
optional = false
python-versions = ">=3.7"

[package.dependencies]
colorama = {version = "*", markers = "platform_system == \"Windows\""}

[[package]]
name = "colorama"
version = "0.4.5"
description = "Cross-platform colored terminal text."
category = "main"
optional = false
python-versions = ">=2.7, !=3.0.*, !=3.1.*, !=3.2.*, !=3.3.*, !=3.4.*"

[[package]]
name = "commonmark"
version = "0.9.1"
description = "Python parser for the CommonMark Markdown spec"
category = "main"
optional = false
python-versions = "*"

[package.extras]
test = ["flake8 (==3.7.8)", "hypothesis (==3.55.3)"]

[[package]]
name = "cookiecutter"
version = "2.1.1"
description = "A command-line utility that creates projects from project templates, e.g. creating a Python package project from a Python package project template."
category = "main"
optional = false
python-versions = ">=3.7"

[package.dependencies]
binaryornot = ">=0.4.4"
click = ">=7.0,<9.0.0"
Jinja2 = ">=2.7,<4.0.0"
jinja2-time = ">=0.2.0"
python-slugify = ">=4.0.0"
pyyaml = ">=5.3.1"
requests = ">=2.23.0"

[[package]]
name = "dynaconf"
version = "3.1.9"
description = "The dynamic configurator for your Python Project"
category = "main"
optional = false
python-versions = ">=3.7"

[package.extras]
all = ["redis", "ruamel.yaml", "configobj", "hvac"]
configobj = ["configobj"]
ini = ["configobj"]
redis = ["redis"]
test = ["pytest", "pytest-cov", "pytest-xdist", "pytest-mock", "flake8", "pep8-naming", "flake8-debugger", "flake8-print", "flake8-todo", "radon", "flask (>=0.12)", "django", "python-dotenv", "toml", "codecov", "redis", "hvac", "configobj"]
toml = ["toml"]
vault = ["hvac"]
yaml = ["ruamel.yaml"]

[[package]]
name = "fsspec"
version = "2022.1.0"
description = "File-system specification"
category = "main"
optional = false
python-versions = ">=3.6"

[package.extras]
abfs = ["adlfs"]
adl = ["adlfs"]
arrow = ["pyarrow (>=1)"]
dask = ["dask", "distributed"]
dropbox = ["dropboxdrivefs", "requests", "dropbox"]
entrypoints = ["importlib-metadata"]
fuse = ["fusepy"]
gcs = ["gcsfs"]
git = ["pygit2"]
github = ["requests"]
gs = ["gcsfs"]
gui = ["panel"]
hdfs = ["pyarrow (>=1)"]
http = ["requests", "aiohttp"]
libarchive = ["libarchive-c"]
oci = ["ocifs"]
s3 = ["s3fs"]
sftp = ["paramiko"]
smb = ["smbprotocol"]
ssh = ["paramiko"]

[[package]]
name = "gitdb"
version = "4.0.9"
description = "Git Object Database"
category = "main"
optional = false
python-versions = ">=3.6"

[package.dependencies]
smmap = ">=3.0.1,<6"

[[package]]
name = "gitpython"
version = "3.1.27"
description = "GitPython is a python library used to interact with Git repositories"
category = "main"
optional = false
python-versions = ">=3.7"

[package.dependencies]
gitdb = ">=4.0.1,<5"

[[package]]
name = "idna"
version = "3.3"
description = "Internationalized Domain Names in Applications (IDNA)"
category = "main"
optional = false
python-versions = ">=3.5"

[[package]]
name = "importlib-metadata"
version = "4.12.0"
description = "Read metadata from Python packages"
category = "main"
optional = false
python-versions = ">=3.7"

[package.dependencies]
zipp = ">=0.5"

[package.extras]
docs = ["sphinx", "jaraco.packaging (>=9)", "rst.linker (>=1.9)"]
perf = ["ipython"]
testing = ["pytest (>=6)", "pytest-checkdocs (>=2.4)", "pytest-flake8", "pytest-cov", "pytest-enabler (>=1.3)", "packaging", "pyfakefs", "flufl.flake8", "pytest-perf (>=0.9.2)", "pytest-black (>=0.3.7)", "pytest-mypy (>=0.9.1)", "importlib-resources (>=1.3)"]

[[package]]
name = "jinja2"
version = "3.1.2"
description = "A very fast and expressive template engine."
category = "main"
optional = false
python-versions = ">=3.7"

[package.dependencies]
MarkupSafe = ">=2.0"

[package.extras]
i18n = ["Babel (>=2.7)"]

[[package]]
name = "jinja2-time"
version = "0.2.0"
description = "Jinja2 Extension for Dates and Times"
category = "main"
optional = false
python-versions = "*"

[package.dependencies]
arrow = "*"
jinja2 = "*"

[[package]]
name = "jmespath"
version = "0.10.0"
description = "JSON Matching Expressions"
category = "main"
optional = false
python-versions = ">=2.6, !=3.0.*, !=3.1.*, !=3.2.*"

[[package]]
name = "kedro"
version = "0.18.2"
description = "Kedro helps you build production-ready data and analytics pipelines"
category = "main"
optional = false
python-versions = ">=3.7, <3.11"

[package.dependencies]
anyconfig = ">=0.10.0,<0.11.0"
attrs = ">=21.3,<22.0"
cachetools = ">=4.1,<5.0"
click = "<9.0"
cookiecutter = ">=2.1.1,<3.0"
dynaconf = ">=3.1.2,<4.0"
fsspec = ">=2021.4,<=2022.1"
gitpython = ">=3.0,<4.0"
importlib-metadata = ">=3.6"
jmespath = ">=0.9.5,<1.0"
pip-tools = ">=6.5,<7.0"
pluggy = ">=1.0.0,<1.1.0"
python-json-logger = ">=2.0,<3.0"
PyYAML = ">=4.2,<7.0"
rich = ">=12.0,<13.0"
rope = ">=0.21.0,<0.22.0"
toml = ">=0.10,<1.0"
toposort = ">=1.5,<2.0"

[package.extras]
all = ["Pillow (>=9.0,<10.0)", "PyYAML (>=4.2,<7.0)", "SQLAlchemy (>=1.2,<2.0)", "biopython (>=1.73,<2.0)", "dask[complete] (>=2021.10,<2022.0)", "delta-spark (>=1.0,<2.0)", "docutils (==0.16)", "geopandas (>=0.6.0,<1.0)", "hdfs (>=2.5.8,<3.0)", "holoviews (>=1.13.0,<1.14.0)", "ipykernel (>=5.3,<7.0)", "lxml (>=4.6,<5.0)", "matplotlib (>=3.0.3,<4.0)", "myst-parser (>=0.17.2,<0.18.0)", "nbsphinx (==0.8.1)", "nbstripout (>=0.4,<1.0)", "networkx (>=2.4,<3.0)", "openpyxl (>=3.0.6,<4.0)", "pandas-gbq (>=0.12.0,<1.0)", "pandas (>=1.3,<2.0)", "plotly (>=4.8.0,<6.0)", "pyarrow (>=1.0,<7.0)", "pyproj (>=3.0,<4.0)", "pyspark (>=2.2,<4.0)", "redis (>=4.1,<5.0)", "requests (>=2.20,<3.0)", "s3fs (>=0.3.0,<0.5)", "sphinx-autodoc-typehints (==1.11.1)", "sphinx-copybutton (==0.3.1)", "sphinx-rtd-theme (==0.4.1)", "sphinxcontrib-mermaid (>=0.7.1,<0.8.0)", "sphinx (>=3.4.3,<3.5.0)", "tensorflow (>=2.0,<3.0)", "tables (>=3.6,<4.0)", "tables (>=3.6.0,<3.7.0)"]
api = ["requests (>=2.20,<3.0)"]
"api.apidataset" = ["requests (>=2.20,<3.0)"]
biosequence = ["biopython (>=1.73,<2.0)"]
"biosequence.biosequencedataset" = ["biopython (>=1.73,<2.0)"]
dask = ["dask[complete] (>=2021.10,<2022.0)"]
"dask.parquetdataset" = ["dask[complete] (>=2021.10,<2022.0)"]
docs = ["docutils (==0.16)", "sphinx (>=3.4.3,<3.5.0)", "sphinx-rtd-theme (==0.4.1)", "nbsphinx (==0.8.1)", "nbstripout (>=0.4,<1.0)", "sphinx-autodoc-typehints (==1.11.1)", "sphinx-copybutton (==0.3.1)", "ipykernel (>=5.3,<7.0)", "sphinxcontrib-mermaid (>=0.7.1,<0.8.0)", "myst-parser (>=0.17.2,<0.18.0)"]
geopandas = ["geopandas (>=0.6.0,<1.0)", "pyproj (>=3.0,<4.0)"]
"geopandas.geojsondataset" = ["geopandas (>=0.6.0,<1.0)", "pyproj (>=3.0,<4.0)"]
holoviews = ["holoviews (>=1.13.0,<1.14.0)"]
"holoviews.holoviewswriter" = ["holoviews (>=1.13.0,<1.14.0)"]
matplotlib = ["matplotlib (>=3.0.3,<4.0)"]
"matplotlib.matplotlibwriter" = ["matplotlib (>=3.0.3,<4.0)"]
networkx = ["networkx (>=2.4,<3.0)"]
"networkx.networkxdataset" = ["networkx (>=2.4,<3.0)"]
pandas = ["SQLAlchemy (>=1.2,<2.0)", "lxml (>=4.6,<5.0)", "openpyxl (>=3.0.6,<4.0)", "pandas-gbq (>=0.12.0,<1.0)", "pandas (>=1.3,<2.0)", "pyarrow (>=1.0,<7.0)", "tables (>=3.6,<4.0)", "tables (>=3.6.0,<3.7.0)"]
"pandas.csvdataset" = ["pandas (>=1.3,<2.0)"]
"pandas.exceldataset" = ["pandas (>=1.3,<2.0)", "openpyxl (>=3.0.6,<4.0)"]
"pandas.featherdataset" = ["pandas (>=1.3,<2.0)"]
"pandas.gbqquerydataset" = ["pandas (>=1.3,<2.0)", "pandas-gbq (>=0.12.0,<1.0)"]
"pandas.gbqtabledataset" = ["pandas (>=1.3,<2.0)", "pandas-gbq (>=0.12.0,<1.0)"]
"pandas.genericdataset" = ["pandas (>=1.3,<2.0)"]
"pandas.hdfdataset" = ["pandas (>=1.3,<2.0)", "tables (>=3.6,<4.0)", "tables (>=3.6.0,<3.7.0)"]
"pandas.jsondataset" = ["pandas (>=1.3,<2.0)"]
"pandas.parquetdataset" = ["pandas (>=1.3,<2.0)", "pyarrow (>=1.0,<7.0)"]
"pandas.sqlquerydataset" = ["pandas (>=1.3,<2.0)", "SQLAlchemy (>=1.2,<2.0)"]
"pandas.sqltabledataset" = ["pandas (>=1.3,<2.0)", "SQLAlchemy (>=1.2,<2.0)"]
"pandas.xmldataset" = ["pandas (>=1.3,<2.0)", "lxml (>=4.6,<5.0)"]
pillow = ["Pillow (>=9.0,<10.0)"]
"pillow.imagedataset" = ["Pillow (>=9.0,<10.0)"]
plotly = ["pandas (>=1.3,<2.0)", "plotly (>=4.8.0,<6.0)"]
"plotly.jsondataset" = ["plotly (>=4.8.0,<6.0)"]
"plotly.plotlydataset" = ["pandas (>=1.3,<2.0)", "plotly (>=4.8.0,<6.0)"]
redis = ["redis (>=4.1,<5.0)"]
spark = ["delta-spark (>=1.0,<2.0)", "hdfs (>=2.5.8,<3.0)", "pyspark (>=2.2,<4.0)", "s3fs (>=0.3.0,<0.5)"]
"spark.deltatabledataset" = ["pyspark (>=2.2,<4.0)", "hdfs (>=2.5.8,<3.0)", "s3fs (>=0.3.0,<0.5)", "delta-spark (>=1.0,<2.0)"]
"spark.sparkdataset" = ["pyspark (>=2.2,<4.0)", "hdfs (>=2.5.8,<3.0)", "s3fs (>=0.3.0,<0.5)"]
"spark.sparkhivedataset" = ["pyspark (>=2.2,<4.0)", "hdfs (>=2.5.8,<3.0)", "s3fs (>=0.3.0,<0.5)"]
"spark.sparkjdbcdataset" = ["pyspark (>=2.2,<4.0)", "hdfs (>=2.5.8,<3.0)", "s3fs (>=0.3.0,<0.5)"]
tensorflow = ["tensorflow (>=2.0,<3.0)"]
"tensorflow.tensorflowmodeldataset" = ["tensorflow (>=2.0,<3.0)"]
yaml = ["PyYAML (>=4.2,<7.0)", "pandas (>=1.3,<2.0)"]
"yaml.yamldataset" = ["pandas (>=1.3,<2.0)", "PyYAML (>=4.2,<7.0)"]

[[package]]
name = "markupsafe"
version = "2.1.1"
description = "Safely add untrusted strings to HTML/XML markup."
category = "main"
optional = false
python-versions = ">=3.7"

[[package]]
name = "packaging"
version = "21.3"
description = "Core utilities for Python packages"
category = "main"
optional = false
python-versions = ">=3.6"

[package.dependencies]
pyparsing = ">=2.0.2,<3.0.5 || >3.0.5"

[[package]]
name = "pep517"
version = "0.12.0"
description = "Wrappers to build Python packages using PEP 517 hooks"
category = "main"
optional = false
python-versions = "*"

[package.dependencies]
tomli = {version = ">=1.1.0", markers = "python_version >= \"3.6\""}

[[package]]
name = "pip-tools"
version = "6.8.0"
description = "pip-tools keeps your pinned dependencies fresh."
category = "main"
optional = false
python-versions = ">=3.7"

[package.dependencies]
build = "*"
click = ">=7"

[package.extras]
coverage = ["pytest-cov"]
testing = ["pytest", "pytest-rerunfailures", "pytest-xdist"]

[[package]]
name = "pluggy"
version = "1.0.0"
description = "plugin and hook calling mechanisms for python"
category = "main"
optional = false
python-versions = ">=3.6"

[package.extras]
testing = ["pytest-benchmark", "pytest"]
dev = ["tox", "pre-commit"]

[[package]]
name = "pygments"
version = "2.12.0"
description = "Pygments is a syntax highlighting package written in Python."
category = "main"
optional = false
python-versions = ">=3.6"

[[package]]
name = "pyparsing"
version = "3.0.9"
description = "pyparsing module - Classes and methods to define and execute parsing grammars"
category = "main"
optional = false
python-versions = ">=3.6.8"

[package.extras]
diagrams = ["railroad-diagrams", "jinja2"]

[[package]]
name = "python-dateutil"
version = "2.8.2"
description = "Extensions to the standard Python datetime module"
category = "main"
optional = false
python-versions = "!=3.0.*,!=3.1.*,!=3.2.*,>=2.7"

[package.dependencies]
six = ">=1.5"

[[package]]
name = "python-json-logger"
version = "2.0.4"
description = "A python library adding a json log formatter"
category = "main"
optional = false
python-versions = ">=3.5"

[[package]]
name = "python-slugify"
version = "6.1.2"
description = "A Python slugify application that also handles Unicode"
category = "main"
optional = false
python-versions = ">=2.7, !=3.0.*, !=3.1.*, !=3.2.*, !=3.3.*, !=3.4.*, !=3.5.*"

[package.dependencies]
text-unidecode = ">=1.3"

[package.extras]
unidecode = ["Unidecode (>=1.1.1)"]

[[package]]
name = "pyyaml"
version = "6.0"
description = "YAML parser and emitter for Python"
category = "main"
optional = false
python-versions = ">=3.6"

[[package]]
name = "requests"
version = "2.28.1"
description = "Python HTTP for Humans."
category = "main"
optional = false
python-versions = ">=3.7, <4"

[package.dependencies]
certifi = ">=2017.4.17"
charset-normalizer = ">=2,<3"
idna = ">=2.5,<4"
urllib3 = ">=1.21.1,<1.27"

[package.extras]
socks = ["PySocks (>=1.5.6,!=1.5.7)"]
use_chardet_on_py3 = ["chardet (>=3.0.2,<6)"]

[[package]]
name = "rich"
version = "12.5.1"
description = "Render rich text, tables, progress bars, syntax highlighting, markdown and more to the terminal"
category = "main"
optional = false
python-versions = ">=3.6.3,<4.0.0"

[package.dependencies]
commonmark = ">=0.9.0,<0.10.0"
pygments = ">=2.6.0,<3.0.0"
typing-extensions = {version = ">=4.0.0,<5.0", markers = "python_version < \"3.9\""}

[package.extras]
jupyter = ["ipywidgets (>=7.5.1,<8.0.0)"]

[[package]]
name = "rope"
version = "0.21.1"
description = "a python refactoring library..."
category = "main"
optional = false
python-versions = "*"

[package.extras]
dev = ["build", "pytest", "pytest-timeout"]

[[package]]
name = "six"
version = "1.16.0"
description = "Python 2 and 3 compatibility utilities"
category = "main"
optional = false
python-versions = ">=2.7, !=3.0.*, !=3.1.*, !=3.2.*"

[[package]]
name = "smmap"
version = "5.0.0"
description = "A pure Python implementation of a sliding window memory map manager"
category = "main"
optional = false
python-versions = ">=3.6"

[[package]]
name = "text-unidecode"
version = "1.3"
description = "The most basic Text::Unidecode port"
category = "main"
optional = false
python-versions = "*"

[[package]]
name = "toml"
version = "0.10.2"
description = "Python Library for Tom's Obvious, Minimal Language"
category = "main"
optional = false
python-versions = ">=2.6, !=3.0.*, !=3.1.*, !=3.2.*"

[[package]]
name = "tomli"
version = "2.0.1"
description = "A lil' TOML parser"
category = "main"
optional = false
python-versions = ">=3.7"

[[package]]
name = "toposort"
version = "1.7"
description = "\"Implements a topological sort algorithm.\""
category = "main"
optional = false
python-versions = "*"

[[package]]
name = "typing-extensions"
version = "4.3.0"
description = "Backported and Experimental Type Hints for Python 3.7+"
category = "main"
optional = false
python-versions = ">=3.7"

[[package]]
name = "urllib3"
version = "1.26.10"
description = "HTTP library with thread-safe connection pooling, file post, and more."
category = "main"
optional = false
python-versions = ">=2.7, !=3.0.*, !=3.1.*, !=3.2.*, !=3.3.*, !=3.4.*, !=3.5.*, <4"

[package.extras]
brotli = ["brotlicffi (>=0.8.0)", "brotli (>=1.0.9)", "brotlipy (>=0.6.0)"]
secure = ["pyOpenSSL (>=0.14)", "cryptography (>=1.3.4)", "idna (>=2.0.0)", "certifi", "ipaddress"]
socks = ["PySocks (>=1.5.6,!=1.5.7,<2.0)"]

[[package]]
name = "zipp"
version = "3.8.1"
description = "Backport of pathlib-compatible object wrapper for zip files"
category = "main"
optional = false
python-versions = ">=3.7"

[package.extras]
docs = ["sphinx", "jaraco.packaging (>=9)", "rst.linker (>=1.9)", "jaraco.tidelift (>=1.4)"]
testing = ["pytest (>=6)", "pytest-checkdocs (>=2.4)", "pytest-flake8", "pytest-cov", "pytest-enabler (>=1.3)", "jaraco.itertools", "func-timeout", "pytest-black (>=0.3.7)", "pytest-mypy (>=0.9.1)"]

[metadata]
lock-version = "1.1"
python-versions = ">=3.8,<3.11"
content-hash = "c97dd0207701d35eead5aeec34a5e03b175a98172c745646cca552dc5c9c194f"

[metadata.files]
anyconfig = []
arrow = []
attrs = []
binaryornot = []
build = []
cachetools = []
certifi = []
chardet = []
charset-normalizer = []
click = []
colorama = []
commonmark = []
cookiecutter = []
dynaconf = []
fsspec = []
gitdb = []
gitpython = []
idna = []
importlib-metadata = []
jinja2 = []
jinja2-time = []
jmespath = []
kedro = []
markupsafe = []
packaging = []
pep517 = []
pip-tools = []
pluggy = []
pygments = []
pyparsing = []
python-dateutil = []
python-json-logger = []
python-slugify = []
pyyaml = []
requests = []
rich = []
rope = []
six = []
smmap = []
text-unidecode = []
toml = []
tomli = []
toposort = []
typing-extensions = []
urllib3 = []
zipp = []
